
Microsoft Visual Studio Solution File, Format Version 12.00
# Visual Studio Version 17
VisualStudioVersion = 17.5.33414.496
MinimumVisualStudioVersion = 10.0.40219.1
Project("{8BC9CEB8-8B4A-11D0-8D11-00A0C91BC942}") = "01_simple_vertex_shader", "01_simple_vertex_shader\01_simple_vertex_shader.vcxproj", "{1C4F052B-2B4C-4BE5-AE1E-84A845031773}"
EndProject
Project("{8BC9CEB8-8B4A-11D0-8D11-00A0C91BC942}") = "03_blur", "03_blur\03_blur.vcxproj", "{45ACA2BB-3084-48AA-8B77-DA174124629A}"
EndProject
Project("{8BC9CEB8-8B4A-11D0-8D11-00A0C91BC942}") = "libgl", "libgl\libgl.vcxproj", "{BAD018EF-15E9-4A08-A843-458955B4E506}"
EndProject
Project("{8BC9CEB8-8B4A-11D0-8D11-00A0C91BC942}") = "02_framebuffer_basics", "02_framebuffer_basics\02_framebuffer_basics.vcxproj", "{A542D70C-8A55-4F77-94F5-B9C33DA00E89}"
EndProject
Project("{8BC9CEB8-8B4A-11D0-8D11-00A0C91BC942}") = "04_simple_lighting", "04_simple_lighting\04_simple_lighting.vcxproj", "{F50D85AD-3FE1-4298-A6A4-4E144055E81A}"
EndProject
Project("{8BC9CEB8-8B4A-11D0-8D11-00A0C91BC942}") = "05_shadow_mapping", "05_shadow_mapping\05_shadow_mapping.vcxproj", "{1BF72355-1E61-4597-B1DC-D0429DE21624}"
EndProject
Project("{8BC9CEB8-8B4A-11D0-8D11-00A0C91BC942}") = "07_bump_mapping", "07_bump_mapping\07_bump_mapping.vcxproj", "{6CD8E429-79FA-4B21-8475-BAE315FE5AC8}"
EndProject
Project("{8BC9CEB8-8B4A-11D0-8D11-00A0C91BC942}") = "06_per_pixel_lighting", "06_per_pixel_lighting\06_per_pixel_lighting.vcxproj", "{037BC431-EC3F-48C5-A147-082A87A05188}"
EndProject
Project("{8BC9CEB8-8B4A-11D0-8D11-00A0C91BC942}") = "08_texture_mapping", "08_texture_mapping\08_texture_mapping.vcxproj", "{EB281367-EBA0-4A34-9479-D508A6B42E0D}"
EndProject
Project("{8BC9CEB8-8B4A-11D0-8D11-00A0C91BC942}") = "09_simple_geometry_shader", "09_simple_geometry_shader\09_simple_geometry_shader.vcxproj", "{308AB2CA-01A9-4B21-8C28-7542BB2B749F}"
EndProject
Project("{8BC9CEB8-8B4A-11D0-8D11-00A0C91BC942}") = "10_custom_uniform", "10_custom_uniform\10_custom_uniform.vcxproj", "{2F55AEAA-4D3A-492C-81BD-1426ACB7EAD3}"
EndProject
Project("{8BC9CEB8-8B4A-11D0-8D11-00A0C91BC942}") = "11_custom_uniform_2", "11_custom_uniform_2\11_custom_uniform_2.vcxproj", "{63B78E8B-FEAE-4614-A328-1973AC2AD33E}"
EndProject
Project("{8BC9CEB8-8B4A-11D0-8D11-00A0C91BC942}") = "12_custom_attributes", "12_custom_attributes\12_custom_attributes.vcxproj", "{DACE4F19-AF98-446B-B1ED-69B529FBD308}"
EndProject
Project("{8BC9CEB8-8B4A-11D0-8D11-00A0C91BC942}") = "13_custom_attributes_2", "13_custom_attributes_2\13_custom_attributes_2.vcxproj", "{D0F3D865-B417-483C-BE90-C08017CC22D6}"
EndProject
Project("{8BC9CEB8-8B4A-11D0-8D11-00A0C91BC942}") = "14_lighting_models", "14_lighting_models\14_lighting_models.vcxproj", "{3E501636-95D9-40EA-913E-D9BB7D503ABC}"
EndProject
Global
	GlobalSection(SolutionConfigurationPlatforms) = preSolution
		Debug|x64 = Debug|x64
		Debug|x86 = Debug|x86
		Release|x64 = Release|x64
		Release|x86 = Release|x86
	EndGlobalSection
	GlobalSection(ProjectConfigurationPlatforms) = postSolution
		{1C4F052B-2B4C-4BE5-AE1E-84A845031773}.Debug|x64.ActiveCfg = Debug|x64
		{1C4F052B-2B4C-4BE5-AE1E-84A845031773}.Debug|x64.Build.0 = Debug|x64
		{1C4F052B-2B4C-4BE5-AE1E-84A845031773}.Debug|x86.ActiveCfg = Debug|Win32
		{1C4F052B-2B4C-4BE5-AE1E-84A845031773}.Debug|x86.Build.0 = Debug|Win32
		{1C4F052B-2B4C-4BE5-AE1E-84A845031773}.Release|x64.ActiveCfg = Release|x64
		{1C4F052B-2B4C-4BE5-AE1E-84A845031773}.Release|x64.Build.0 = Release|x64
		{1C4F052B-2B4C-4BE5-AE1E-84A845031773}.Release|x86.ActiveCfg = Release|Win32
		{1C4F052B-2B4C-4BE5-AE1E-84A845031773}.Release|x86.Build.0 = Release|Win32
		{45ACA2BB-3084-48AA-8B77-DA174124629A}.Debug|x64.ActiveCfg = Debug|x64
		{45ACA2BB-3084-48AA-8B77-DA174124629A}.Debug|x64.Build.0 = Debug|x64
		{45ACA2BB-3084-48AA-8B77-DA174124629A}.Debug|x86.ActiveCfg = Debug|Win32
		{45ACA2BB-3084-48AA-8B77-DA174124629A}.Debug|x86.Build.0 = Debug|Win32
		{45ACA2BB-3084-48AA-8B77-DA174124629A}.Release|x64.ActiveCfg = Release|x64
		{45ACA2BB-3084-48AA-8B77-DA174124629A}.Release|x64.Build.0 = Release|x64
		{45ACA2BB-3084-48AA-8B77-DA174124629A}.Release|x86.ActiveCfg = Release|Win32
		{45ACA2BB-3084-48AA-8B77-DA174124629A}.Release|x86.Build.0 = Release|Win32
		{BAD018EF-15E9-4A08-A843-458955B4E506}.Debug|x64.ActiveCfg = Debug|x64
		{BAD018EF-15E9-4A08-A843-458955B4E506}.Debug|x64.Build.0 = Debug|x64
		{BAD018EF-15E9-4A08-A843-458955B4E506}.Debug|x86.ActiveCfg = Debug|Win32
		{BAD018EF-15E9-4A08-A843-458955B4E506}.Debug|x86.Build.0 = Debug|Win32
		{BAD018EF-15E9-4A08-A843-458955B4E506}.Release|x64.ActiveCfg = Release|x64
		{BAD018EF-15E9-4A08-A843-458955B4E506}.Release|x64.Build.0 = Release|x64
		{BAD018EF-15E9-4A08-A843-458955B4E506}.Release|x86.ActiveCfg = Release|Win32
		{BAD018EF-15E9-4A08-A843-458955B4E506}.Release|x86.Build.0 = Release|Win32
		{A542D70C-8A55-4F77-94F5-B9C33DA00E89}.Debug|x64.ActiveCfg = Debug|x64
		{A542D70C-8A55-4F77-94F5-B9C33DA00E89}.Debug|x64.Build.0 = Debug|x64
		{A542D70C-8A55-4F77-94F5-B9C33DA00E89}.Debug|x86.ActiveCfg = Debug|Win32
		{A542D70C-8A55-4F77-94F5-B9C33DA00E89}.Debug|x86.Build.0 = Debug|Win32
		{A542D70C-8A55-4F77-94F5-B9C33DA00E89}.Release|x64.ActiveCfg = Release|x64
		{A542D70C-8A55-4F77-94F5-B9C33DA00E89}.Release|x64.Build.0 = Release|x64
		{A542D70C-8A55-4F77-94F5-B9C33DA00E89}.Release|x86.ActiveCfg = Release|Win32
		{A542D70C-8A55-4F77-94F5-B9C33DA00E89}.Release|x86.Build.0 = Release|Win32
		{F50D85AD-3FE1-4298-A6A4-4E144055E81A}.Debug|x64.ActiveCfg = Debug|x64
		{F50D85AD-3FE1-4298-A6A4-4E144055E81A}.Debug|x64.Build.0 = Debug|x64
		{F50D85AD-3FE1-4298-A6A4-4E144055E81A}.Debug|x86.ActiveCfg = Debug|Win32
		{F50D85AD-3FE1-4298-A6A4-4E144055E81A}.Debug|x86.Build.0 = Debug|Win32
		{F50D85AD-3FE1-4298-A6A4-4E144055E81A}.Release|x64.ActiveCfg = Release|x64
		{F50D85AD-3FE1-4298-A6A4-4E144055E81A}.Release|x64.Build.0 = Release|x64
		{F50D85AD-3FE1-4298-A6A4-4E144055E81A}.Release|x86.ActiveCfg = Release|Win32
		{F50D85AD-3FE1-4298-A6A4-4E144055E81A}.Release|x86.Build.0 = Release|Win32
		{1BF72355-1E61-4597-B1DC-D0429DE21624}.Debug|x64.ActiveCfg = Debug|x64
		{1BF72355-1E61-4597-B1DC-D0429DE21624}.Debug|x64.Build.0 = Debug|x64
		{1BF72355-1E61-4597-B1DC-D0429DE21624}.Debug|x86.ActiveCfg = Debug|Win32
		{1BF72355-1E61-4597-B1DC-D0429DE21624}.Debug|x86.Build.0 = Debug|Win32
		{1BF72355-1E61-4597-B1DC-D0429DE21624}.Release|x64.ActiveCfg = Release|x64
		{1BF72355-1E61-4597-B1DC-D0429DE21624}.Release|x64.Build.0 = Release|x64
		{1BF72355-1E61-4597-B1DC-D0429DE21624}.Release|x86.ActiveCfg = Release|Win32
		{1BF72355-1E61-4597-B1DC-D0429DE21624}.Release|x86.Build.0 = Release|Win32
		{6CD8E429-79FA-4B21-8475-BAE315FE5AC8}.Debug|x64.ActiveCfg = Release|x64
		{6CD8E429-79FA-4B21-8475-BAE315FE5AC8}.Debug|x64.Build.0 = Release|x64
		{6CD8E429-79FA-4B21-8475-BAE315FE5AC8}.Debug|x86.ActiveCfg = Debug|Win32
		{6CD8E429-79FA-4B21-8475-BAE315FE5AC8}.Debug|x86.Build.0 = Debug|Win32
		{6CD8E429-79FA-4B21-8475-BAE315FE5AC8}.Release|x64.ActiveCfg = Release|Win32
		{6CD8E429-79FA-4B21-8475-BAE315FE5AC8}.Release|x64.Build.0 = Release|Win32
		{6CD8E429-79FA-4B21-8475-BAE315FE5AC8}.Release|x86.ActiveCfg = Release|Win32
		{6CD8E429-79FA-4B21-8475-BAE315FE5AC8}.Release|x86.Build.0 = Release|Win32
		{037BC431-EC3F-48C5-A147-082A87A05188}.Debug|x64.ActiveCfg = Release|x64
		{037BC431-EC3F-48C5-A147-082A87A05188}.Debug|x64.Build.0 = Release|x64
		{037BC431-EC3F-48C5-A147-082A87A05188}.Debug|x86.ActiveCfg = Debug|Win32
		{037BC431-EC3F-48C5-A147-082A87A05188}.Debug|x86.Build.0 = Debug|Win32
		{037BC431-EC3F-48C5-A147-082A87A05188}.Release|x64.ActiveCfg = Release|Win32
		{037BC431-EC3F-48C5-A147-082A87A05188}.Release|x64.Build.0 = Release|Win32
		{037BC431-EC3F-48C5-A147-082A87A05188}.Release|x86.ActiveCfg = Release|Win32
		{037BC431-EC3F-48C5-A147-082A87A05188}.Release|x86.Build.0 = Release|Win32
		{EB281367-EBA0-4A34-9479-D508A6B42E0D}.Debug|x64.ActiveCfg = Debug|x64
		{EB281367-EBA0-4A34-9479-D508A6B42E0D}.Debug|x64.Build.0 = Debug|x64
		{EB281367-EBA0-4A34-9479-D508A6B42E0D}.Debug|x86.ActiveCfg = Debug|Win32
		{EB281367-EBA0-4A34-9479-D508A6B42E0D}.Debug|x86.Build.0 = Debug|Win32
		{EB281367-EBA0-4A34-9479-D508A6B42E0D}.Release|x64.ActiveCfg = Release|x64
		{EB281367-EBA0-4A34-9479-D508A6B42E0D}.Release|x64.Build.0 = Release|x64
		{EB281367-EBA0-4A34-9479-D508A6B42E0D}.Release|x86.ActiveCfg = Release|Win32
		{EB281367-EBA0-4A34-9479-D508A6B42E0D}.Release|x86.Build.0 = Release|Win32
		{308AB2CA-01A9-4B21-8C28-7542BB2B749F}.Debug|x64.ActiveCfg = Debug|x64
		{308AB2CA-01A9-4B21-8C28-7542BB2B749F}.Debug|x64.Build.0 = Debug|x64
		{308AB2CA-01A9-4B21-8C28-7542BB2B749F}.Debug|x86.ActiveCfg = Debug|Win32
		{308AB2CA-01A9-4B21-8C28-7542BB2B749F}.Debug|x86.Build.0 = Debug|Win32
		{308AB2CA-01A9-4B21-8C28-7542BB2B749F}.Release|x64.ActiveCfg = Release|x64
		{308AB2CA-01A9-4B21-8C28-7542BB2B749F}.Release|x64.Build.0 = Release|x64
		{308AB2CA-01A9-4B21-8C28-7542BB2B749F}.Release|x86.ActiveCfg = Release|Win32
		{308AB2CA-01A9-4B21-8C28-7542BB2B749F}.Release|x86.Build.0 = Release|Win32
		{2F55AEAA-4D3A-492C-81BD-1426ACB7EAD3}.Debug|x64.ActiveCfg = Debug|x64
		{2F55AEAA-4D3A-492C-81BD-1426ACB7EAD3}.Debug|x64.Build.0 = Debug|x64
		{2F55AEAA-4D3A-492C-81BD-1426ACB7EAD3}.Debug|x86.ActiveCfg = Debug|Win32
		{2F55AEAA-4D3A-492C-81BD-1426ACB7EAD3}.Debug|x86.Build.0 = Debug|Win32
		{2F55AEAA-4D3A-492C-81BD-1426ACB7EAD3}.Release|x64.ActiveCfg = Release|x64
		{2F55AEAA-4D3A-492C-81BD-1426ACB7EAD3}.Release|x64.Build.0 = Release|x64
		{2F55AEAA-4D3A-492C-81BD-1426ACB7EAD3}.Release|x86.ActiveCfg = Release|Win32
		{2F55AEAA-4D3A-492C-81BD-1426ACB7EAD3}.Release|x86.Build.0 = Release|Win32
		{63B78E8B-FEAE-4614-A328-1973AC2AD33E}.Debug|x64.ActiveCfg = Debug|x64
		{63B78E8B-FEAE-4614-A328-1973AC2AD33E}.Debug|x64.Build.0 = Debug|x64
		{63B78E8B-FEAE-4614-A328-1973AC2AD33E}.Debug|x86.ActiveCfg = Debug|Win32
		{63B78E8B-FEAE-4614-A328-1973AC2AD33E}.Debug|x86.Build.0 = Debug|Win32
		{63B78E8B-FEAE-4614-A328-1973AC2AD33E}.Release|x64.ActiveCfg = Release|x64
		{63B78E8B-FEAE-4614-A328-1973AC2AD33E}.Release|x64.Build.0 = Release|x64
		{63B78E8B-FEAE-4614-A328-1973AC2AD33E}.Release|x86.ActiveCfg = Release|Win32
		{63B78E8B-FEAE-4614-A328-1973AC2AD33E}.Release|x86.Build.0 = Release|Win32
		{DACE4F19-AF98-446B-B1ED-69B529FBD308}.Debug|x64.ActiveCfg = Debug|x64
		{DACE4F19-AF98-446B-B1ED-69B529FBD308}.Debug|x64.Build.0 = Debug|x64
		{DACE4F19-AF98-446B-B1ED-69B529FBD308}.Debug|x86.ActiveCfg = Debug|Win32
		{DACE4F19-AF98-446B-B1ED-69B529FBD308}.Debug|x86.Build.0 = Debug|Win32
		{DACE4F19-AF98-446B-B1ED-69B529FBD308}.Release|x64.ActiveCfg = Release|x64
		{DACE4F19-AF98-446B-B1ED-69B529FBD308}.Release|x64.Build.0 = Release|x64
		{DACE4F19-AF98-446B-B1ED-69B529FBD308}.Release|x86.ActiveCfg = Release|Win32
		{DACE4F19-AF98-446B-B1ED-69B529FBD308}.Release|x86.Build.0 = Release|Win32
		{D0F3D865-B417-483C-BE90-C08017CC22D6}.Debug|x64.ActiveCfg = Debug|x64
		{D0F3D865-B417-483C-BE90-C08017CC22D6}.Debug|x64.Build.0 = Debug|x64
		{D0F3D865-B417-483C-BE90-C08017CC22D6}.Debug|x86.ActiveCfg = Debug|Win32
		{D0F3D865-B417-483C-BE90-C08017CC22D6}.Debug|x86.Build.0 = Debug|Win32
		{D0F3D865-B417-483C-BE90-C08017CC22D6}.Release|x64.ActiveCfg = Release|x64
		{D0F3D865-B417-483C-BE90-C08017CC22D6}.Release|x64.Build.0 = Release|x64
		{D0F3D865-B417-483C-BE90-C08017CC22D6}.Release|x86.ActiveCfg = Release|Win32
		{D0F3D865-B417-483C-BE90-C08017CC22D6}.Release|x86.Build.0 = Release|Win32
		{3E501636-95D9-40EA-913E-D9BB7D503ABC}.Debug|x64.ActiveCfg = Debug|x64
		{3E501636-95D9-40EA-913E-D9BB7D503ABC}.Debug|x64.Build.0 = Debug|x64
		{3E501636-95D9-40EA-913E-D9BB7D503ABC}.Debug|x86.ActiveCfg = Debug|Win32
		{3E501636-95D9-40EA-913E-D9BB7D503ABC}.Debug|x86.Build.0 = Debug|Win32
		{3E501636-95D9-40EA-913E-D9BB7D503ABC}.Release|x64.ActiveCfg = Release|x64
		{3E501636-95D9-40EA-913E-D9BB7D503ABC}.Release|x64.Build.0 = Release|x64
		{3E501636-95D9-40EA-913E-D9BB7D503ABC}.Release|x86.ActiveCfg = Release|Win32
		{3E501636-95D9-40EA-913E-D9BB7D503ABC}.Release|x86.Build.0 = Release|Win32
	EndGlobalSection
	GlobalSection(SolutionProperties) = preSolution
		HideSolutionNode = FALSE
	EndGlobalSection
	GlobalSection(ExtensibilityGlobals) = postSolution
		SolutionGuid = {BF2EB835-419E-4E37-AE65-02BB6124C962}
	EndGlobalSection
EndGlobal
