<?xml version="1.0" encoding="utf-8"?>
<Project ToolsVersion="4.0" xmlns="http://schemas.microsoft.com/developer/msbuild/2003">
  <ItemGroup>
    <Filter Include="Source Files">
      <UniqueIdentifier>{a340b389-c1dd-489e-be24-e0e97ed70e00}</UniqueIdentifier>
      <Extensions>cpp;c;cxx;def;odl;idl;hpj;bat;asm</Extensions>
    </Filter>
    <Filter Include="Header Files">
      <UniqueIdentifier>{ec9d62f7-a279-4ceb-a736-da389ce013f1}</UniqueIdentifier>
      <Extensions>h;hpp;hxx;hm;inl;inc</Extensions>
    </Filter>
    <Filter Include="Resource Files">
      <UniqueIdentifier>{2bb5689c-d582-4ad0-900f-a4e4c9ec3fa2}</UniqueIdentifier>
      <Extensions>rc;ico;cur;bmp;dlg;rc2;rct;bin;rgs;jpg;jpeg;jpe;manifest</Extensions>
    </Filter>
  </ItemGroup>
  <ItemGroup>
    <ClCompile Include="AboutDlg.cpp">
      <Filter>Source Files</Filter>
    </ClCompile>
    <ClCompile Include="CheckerShader.cpp">
      <Filter>Source Files</Filter>
    </ClCompile>
    <ClCompile Include="ConicCylinder.cpp">
      <Filter>Source Files</Filter>
    </ClCompile>
    <ClCompile Include="FrameBuffer.cpp">
      <Filter>Source Files</Filter>
    </ClCompile>
    <ClCompile Include="main.cpp">
      <Filter>Source Files</Filter>
    </ClCompile>
    <ClCompile Include="MainFrm.cpp">
      <Filter>Source Files</Filter>
    </ClCompile>
    <ClCompile Include="OmniLightSource.cpp">
      <Filter>Source Files</Filter>
    </ClCompile>
    <ClCompile Include="Plane.cpp">
      <Filter>Source Files</Filter>
    </ClCompile>
    <ClCompile Include="RaytraceView.cpp">
      <Filter>Source Files</Filter>
    </ClCompile>
    <ClCompile Include="RenderContext.cpp">
      <Filter>Source Files</Filter>
    </ClCompile>
    <ClCompile Include="Renderer.cpp">
      <Filter>Source Files</Filter>
    </ClCompile>
    <ClCompile Include="Scene.cpp">
      <Filter>Source Files</Filter>
    </ClCompile>
    <ClCompile Include="SceneObject.cpp">
      <Filter>Source Files</Filter>
    </ClCompile>
    <ClCompile Include="SimpleDiffuseShader.cpp">
      <Filter>Source Files</Filter>
    </ClCompile>
    <ClCompile Include="Sphere.cpp">
      <Filter>Source Files</Filter>
    </ClCompile>
    <ClCompile Include="stdafx.cpp">
      <Filter>Source Files</Filter>
    </ClCompile>
    <ClCompile Include="TriangleMesh.cpp">
      <Filter>Source Files</Filter>
    </ClCompile>
    <ClCompile Include="ViewPort.cpp">
      <Filter>Source Files</Filter>
    </ClCompile>
  </ItemGroup>
  <ItemGroup>
    <ClInclude Include="AboutDlg.h">
      <Filter>Header Files</Filter>
    </ClInclude>
    <ClInclude Include="CheckerShader.h">
      <Filter>Header Files</Filter>
    </ClInclude>
    <ClInclude Include="ConicCylinder.h">
      <Filter>Header Files</Filter>
    </ClInclude>
    <ClInclude Include="FrameBuffer.h">
      <Filter>Header Files</Filter>
    </ClInclude>
    <ClInclude Include="FrameBufferColorBuffer.h">
      <Filter>Header Files</Filter>
    </ClInclude>
    <ClInclude Include="GeometryObjectImpl.h">
      <Filter>Header Files</Filter>
    </ClInclude>
    <ClInclude Include="GeometryObjectWithInitialTransformImpl.h">
      <Filter>Header Files</Filter>
    </ClInclude>
    <ClInclude Include="IColorBuffer.h">
      <Filter>Header Files</Filter>
    </ClInclude>
    <ClInclude Include="IGeometryObject.h">
      <Filter>Header Files</Filter>
    </ClInclude>
    <ClInclude Include="IGeometryObject_fwd.h">
      <Filter>Header Files</Filter>
    </ClInclude>
    <ClInclude Include="ILightSource.h">
      <Filter>Header Files</Filter>
    </ClInclude>
    <ClInclude Include="ILightSource_fwd.h">
      <Filter>Header Files</Filter>
    </ClInclude>
    <ClInclude Include="Intersection.h">
      <Filter>Header Files</Filter>
    </ClInclude>
    <ClInclude Include="IShader.h">
      <Filter>Header Files</Filter>
    </ClInclude>
    <ClInclude Include="LightSourceImpl.h">
      <Filter>Header Files</Filter>
    </ClInclude>
    <ClInclude Include="MainFrm.h">
      <Filter>Header Files</Filter>
    </ClInclude>
    <ClInclude Include="Matrix3.h">
      <Filter>Header Files</Filter>
    </ClInclude>
    <ClInclude Include="Matrix4.h">
      <Filter>Header Files</Filter>
    </ClInclude>
    <ClInclude Include="Matrix_fwd.h">
      <Filter>Header Files</Filter>
    </ClInclude>
    <ClInclude Include="OmniLightSource.h">
      <Filter>Header Files</Filter>
    </ClInclude>
    <ClInclude Include="Plane.h">
      <Filter>Header Files</Filter>
    </ClInclude>
    <ClInclude Include="Ray.h">
      <Filter>Header Files</Filter>
    </ClInclude>
    <ClInclude Include="RaytraceView.h">
      <Filter>Header Files</Filter>
    </ClInclude>
    <ClInclude Include="RenderContext.h">
      <Filter>Header Files</Filter>
    </ClInclude>
    <ClInclude Include="Renderer.h">
      <Filter>Header Files</Filter>
    </ClInclude>
    <ClInclude Include="resource.h">
      <Filter>Header Files</Filter>
    </ClInclude>
    <ClInclude Include="Scene.h">
      <Filter>Header Files</Filter>
    </ClInclude>
    <ClInclude Include="SceneObject.h">
      <Filter>Header Files</Filter>
    </ClInclude>
    <ClInclude Include="SceneObject_fwd.h">
      <Filter>Header Files</Filter>
    </ClInclude>
    <ClInclude Include="ShadeContext.h">
      <Filter>Header Files</Filter>
    </ClInclude>
    <ClInclude Include="SimpleDiffuseShader.h">
      <Filter>Header Files</Filter>
    </ClInclude>
    <ClInclude Include="SimpleMaterial.h">
      <Filter>Header Files</Filter>
    </ClInclude>
    <ClInclude Include="Sphere.h">
      <Filter>Header Files</Filter>
    </ClInclude>
    <ClInclude Include="stdafx.h">
      <Filter>Header Files</Filter>
    </ClInclude>
    <ClInclude Include="TriangleMesh.h">
      <Filter>Header Files</Filter>
    </ClInclude>
    <ClInclude Include="Vector2.h">
      <Filter>Header Files</Filter>
    </ClInclude>
    <ClInclude Include="Vector3.h">
      <Filter>Header Files</Filter>
    </ClInclude>
    <ClInclude Include="Vector4.h">
      <Filter>Header Files</Filter>
    </ClInclude>
    <ClInclude Include="Vector_fwd.h">
      <Filter>Header Files</Filter>
    </ClInclude>
    <ClInclude Include="VectorMath.h">
      <Filter>Header Files</Filter>
    </ClInclude>
    <ClInclude Include="ViewPort.h">
      <Filter>Header Files</Filter>
    </ClInclude>
  </ItemGroup>
  <ItemGroup>
    <Image Include="res\app.ico">
      <Filter>Resource Files</Filter>
    </Image>
    <Image Include="res\toolbar.bmp">
      <Filter>Resource Files</Filter>
    </Image>
  </ItemGroup>
  <ItemGroup>
    <ResourceCompile Include="resources.rc">
      <Filter>Resource Files</Filter>
    </ResourceCompile>
  </ItemGroup>
  <ItemGroup>
    <None Include="packages.config" />
  </ItemGroup>
</Project>