
Microsoft Visual Studio Solution File, Format Version 12.00
# Visual Studio Version 17
VisualStudioVersion = 17.0.32112.339
MinimumVisualStudioVersion = 10.0.40219.1
Project("{8BC9CEB8-8B4A-11D0-8D11-00A0C91BC942}") = "01_simple_texturing", "01_simple_texturing\01_simple_texturing.vcxproj", "{0DC8F02A-12E5-4216-B4E8-680A57261FE3}"
EndProject
Project("{8BC9CEB8-8B4A-11D0-8D11-00A0C91BC942}") = "libgl", "libgl\libgl.vcxproj", "{18D80F7F-FBCA-458C-B3E4-C238221B34A8}"
EndProject
Project("{8BC9CEB8-8B4A-11D0-8D11-00A0C91BC942}") = "02_textured_sphere", "02_textured_sphere\02_textured_sphere.vcxproj", "{DD58A8DA-8F59-4857-AADF-5DF7C28AC5EE}"
EndProject
Project("{8BC9CEB8-8B4A-11D0-8D11-00A0C91BC942}") = "03_fog", "03_fog\03_fog.vcxproj", "{4E96BE31-118F-4E9D-A9E2-0BFC46FA3B8C}"
EndProject
Project("{8BC9CEB8-8B4A-11D0-8D11-00A0C91BC942}") = "04_multi_texturing", "04_multi_texturing\04_multi_texturing.vcxproj", "{8B132C29-6C6F-4AEA-8B6D-4F46FA95E7BD}"
EndProject
Project("{8BC9CEB8-8B4A-11D0-8D11-00A0C91BC942}") = "16_textures", "16_textures\16_textures.vcxproj", "{E35718EB-C4F1-4468-A18F-5CD81ADCE048}"
EndProject
Project("{8BC9CEB8-8B4A-11D0-8D11-00A0C91BC942}") = "17_texture_filtering", "17.texture_filtering\17.texture_filtering.vcxproj", "{E27096CA-6746-4B0F-89EF-1DB310697F44}"
EndProject
Project("{8BC9CEB8-8B4A-11D0-8D11-00A0C91BC942}") = "18_texture_environment", "18_texture_environment\18_texture_environment.vcxproj", "{0A7DE3F7-3DA5-4E77-B7D8-8FEE8CCD2958}"
EndProject
Project("{8BC9CEB8-8B4A-11D0-8D11-00A0C91BC942}") = "19_light_and_texture", "19_light_and_texture\19_light_and_texture.vcxproj", "{72930092-00D2-4DC7-AFBE-2CC47C1FE5BC}"
EndProject
Project("{8BC9CEB8-8B4A-11D0-8D11-00A0C91BC942}") = "20_texture_repeat", "20_texture_repeat\20_texture_repeat.vcxproj", "{17E2A216-8768-417E-AD45-71E57BC84535}"
EndProject
Project("{8BC9CEB8-8B4A-11D0-8D11-00A0C91BC942}") = "21_blending", "21_blending\21_blending.vcxproj", "{C37BC3ED-A453-44DA-9008-B9F024531E34}"
EndProject
Project("{8BC9CEB8-8B4A-11D0-8D11-00A0C91BC942}") = "23_billboard", "23_billboard\23_billboard.vcxproj", "{870C2F3A-0544-4975-A008-409282F6C0BE}"
EndProject
Project("{8BC9CEB8-8B4A-11D0-8D11-00A0C91BC942}") = "24_particle_system", "24_particle_system\24_particle_system.vcxproj", "{ACA2AD79-8161-4B76-A16F-234244A935DA}"
EndProject
Project("{8BC9CEB8-8B4A-11D0-8D11-00A0C91BC942}") = "25_stencil_buffer", "25_stencil_buffer\25_stencil_buffer.vcxproj", "{86369649-C9AD-49DC-94D3-DDAD1E19A2B0}"
EndProject
Project("{8BC9CEB8-8B4A-11D0-8D11-00A0C91BC942}") = "26_stencil_mirror", "26_stencil_mirror\26_stencil_mirror.vcxproj", "{1D072C64-4CB3-4813-829E-AB75510B96FF}"
EndProject
Project("{8BC9CEB8-8B4A-11D0-8D11-00A0C91BC942}") = "27_generate_tex_coord", "27_generate_tex_coord\27_generate_tex_coord.vcxproj", "{CEFDF88F-4CBD-4DC5-80C1-0443C550CDB6}"
EndProject
Project("{8BC9CEB8-8B4A-11D0-8D11-00A0C91BC942}") = "30_terrain_1", "30_terrain_1\30_terrain_1.vcxproj", "{9DDE60F7-0CA6-4563-8E04-A376D75A82D6}"
EndProject
Project("{8BC9CEB8-8B4A-11D0-8D11-00A0C91BC942}") = "31_terrain_2", "31_terrain_2\31_terrain_2.vcxproj", "{3FFF89ED-6001-475D-8688-71635C64FFB3}"
EndProject
Project("{8BC9CEB8-8B4A-11D0-8D11-00A0C91BC942}") = "32_terrain_3", "32_terrain_3\32_terrain_3.vcxproj", "{F8D0936D-4E56-44FB-8588-EABC78E7A4EE}"
EndProject
Project("{8BC9CEB8-8B4A-11D0-8D11-00A0C91BC942}") = "33_terrain_4", "33_terrain_4\33_terrain_4.vcxproj", "{514A5FF9-C19E-476D-8A6F-313F3ADCABE3}"
EndProject
Project("{8BC9CEB8-8B4A-11D0-8D11-00A0C91BC942}") = "34_terrain_5", "34_terrain_5\34_terrain_5.vcxproj", "{15286E17-A097-4E38-BE0C-65AC841028C4}"
EndProject
Project("{8BC9CEB8-8B4A-11D0-8D11-00A0C91BC942}") = "35_terrain_6", "35_terrain_6\35_terrain_6.vcxproj", "{5CC35477-DC51-4B69-9A63-8FCDB4152C8E}"
EndProject
Project("{8BC9CEB8-8B4A-11D0-8D11-00A0C91BC942}") = "38_stereo_vision", "38_stereo_vision\38_stereo_vision.vcxproj", "{DD432123-80A3-45DE-BF73-6CC45A1BF7A1}"
EndProject
Global
	GlobalSection(SolutionConfigurationPlatforms) = preSolution
		Debug|x64 = Debug|x64
		Debug|x86 = Debug|x86
		Release|x64 = Release|x64
		Release|x86 = Release|x86
	EndGlobalSection
	GlobalSection(ProjectConfigurationPlatforms) = postSolution
		{0DC8F02A-12E5-4216-B4E8-680A57261FE3}.Debug|x64.ActiveCfg = Debug|x64
		{0DC8F02A-12E5-4216-B4E8-680A57261FE3}.Debug|x64.Build.0 = Debug|x64
		{0DC8F02A-12E5-4216-B4E8-680A57261FE3}.Debug|x86.ActiveCfg = Debug|Win32
		{0DC8F02A-12E5-4216-B4E8-680A57261FE3}.Debug|x86.Build.0 = Debug|Win32
		{0DC8F02A-12E5-4216-B4E8-680A57261FE3}.Release|x64.ActiveCfg = Release|x64
		{0DC8F02A-12E5-4216-B4E8-680A57261FE3}.Release|x64.Build.0 = Release|x64
		{0DC8F02A-12E5-4216-B4E8-680A57261FE3}.Release|x86.ActiveCfg = Release|Win32
		{0DC8F02A-12E5-4216-B4E8-680A57261FE3}.Release|x86.Build.0 = Release|Win32
		{18D80F7F-FBCA-458C-B3E4-C238221B34A8}.Debug|x64.ActiveCfg = Debug|x64
		{18D80F7F-FBCA-458C-B3E4-C238221B34A8}.Debug|x64.Build.0 = Debug|x64
		{18D80F7F-FBCA-458C-B3E4-C238221B34A8}.Debug|x86.ActiveCfg = Debug|Win32
		{18D80F7F-FBCA-458C-B3E4-C238221B34A8}.Debug|x86.Build.0 = Debug|Win32
		{18D80F7F-FBCA-458C-B3E4-C238221B34A8}.Release|x64.ActiveCfg = Release|x64
		{18D80F7F-FBCA-458C-B3E4-C238221B34A8}.Release|x64.Build.0 = Release|x64
		{18D80F7F-FBCA-458C-B3E4-C238221B34A8}.Release|x86.ActiveCfg = Release|Win32
		{18D80F7F-FBCA-458C-B3E4-C238221B34A8}.Release|x86.Build.0 = Release|Win32
		{DD58A8DA-8F59-4857-AADF-5DF7C28AC5EE}.Debug|x64.ActiveCfg = Debug|x64
		{DD58A8DA-8F59-4857-AADF-5DF7C28AC5EE}.Debug|x64.Build.0 = Debug|x64
		{DD58A8DA-8F59-4857-AADF-5DF7C28AC5EE}.Debug|x86.ActiveCfg = Debug|Win32
		{DD58A8DA-8F59-4857-AADF-5DF7C28AC5EE}.Debug|x86.Build.0 = Debug|Win32
		{DD58A8DA-8F59-4857-AADF-5DF7C28AC5EE}.Release|x64.ActiveCfg = Release|x64
		{DD58A8DA-8F59-4857-AADF-5DF7C28AC5EE}.Release|x64.Build.0 = Release|x64
		{DD58A8DA-8F59-4857-AADF-5DF7C28AC5EE}.Release|x86.ActiveCfg = Release|Win32
		{DD58A8DA-8F59-4857-AADF-5DF7C28AC5EE}.Release|x86.Build.0 = Release|Win32
		{4E96BE31-118F-4E9D-A9E2-0BFC46FA3B8C}.Debug|x64.ActiveCfg = Debug|x64
		{4E96BE31-118F-4E9D-A9E2-0BFC46FA3B8C}.Debug|x64.Build.0 = Debug|x64
		{4E96BE31-118F-4E9D-A9E2-0BFC46FA3B8C}.Debug|x86.ActiveCfg = Debug|Win32
		{4E96BE31-118F-4E9D-A9E2-0BFC46FA3B8C}.Debug|x86.Build.0 = Debug|Win32
		{4E96BE31-118F-4E9D-A9E2-0BFC46FA3B8C}.Release|x64.ActiveCfg = Release|x64
		{4E96BE31-118F-4E9D-A9E2-0BFC46FA3B8C}.Release|x64.Build.0 = Release|x64
		{4E96BE31-118F-4E9D-A9E2-0BFC46FA3B8C}.Release|x86.ActiveCfg = Release|Win32
		{4E96BE31-118F-4E9D-A9E2-0BFC46FA3B8C}.Release|x86.Build.0 = Release|Win32
		{8B132C29-6C6F-4AEA-8B6D-4F46FA95E7BD}.Debug|x64.ActiveCfg = Debug|x64
		{8B132C29-6C6F-4AEA-8B6D-4F46FA95E7BD}.Debug|x64.Build.0 = Debug|x64
		{8B132C29-6C6F-4AEA-8B6D-4F46FA95E7BD}.Debug|x86.ActiveCfg = Debug|Win32
		{8B132C29-6C6F-4AEA-8B6D-4F46FA95E7BD}.Debug|x86.Build.0 = Debug|Win32
		{8B132C29-6C6F-4AEA-8B6D-4F46FA95E7BD}.Release|x64.ActiveCfg = Release|x64
		{8B132C29-6C6F-4AEA-8B6D-4F46FA95E7BD}.Release|x64.Build.0 = Release|x64
		{8B132C29-6C6F-4AEA-8B6D-4F46FA95E7BD}.Release|x86.ActiveCfg = Release|Win32
		{8B132C29-6C6F-4AEA-8B6D-4F46FA95E7BD}.Release|x86.Build.0 = Release|Win32
		{E35718EB-C4F1-4468-A18F-5CD81ADCE048}.Debug|x64.ActiveCfg = Debug|x64
		{E35718EB-C4F1-4468-A18F-5CD81ADCE048}.Debug|x64.Build.0 = Debug|x64
		{E35718EB-C4F1-4468-A18F-5CD81ADCE048}.Debug|x86.ActiveCfg = Debug|Win32
		{E35718EB-C4F1-4468-A18F-5CD81ADCE048}.Debug|x86.Build.0 = Debug|Win32
		{E35718EB-C4F1-4468-A18F-5CD81ADCE048}.Release|x64.ActiveCfg = Release|x64
		{E35718EB-C4F1-4468-A18F-5CD81ADCE048}.Release|x64.Build.0 = Release|x64
		{E35718EB-C4F1-4468-A18F-5CD81ADCE048}.Release|x86.ActiveCfg = Release|Win32
		{E35718EB-C4F1-4468-A18F-5CD81ADCE048}.Release|x86.Build.0 = Release|Win32
		{E27096CA-6746-4B0F-89EF-1DB310697F44}.Debug|x64.ActiveCfg = Debug|x64
		{E27096CA-6746-4B0F-89EF-1DB310697F44}.Debug|x64.Build.0 = Debug|x64
		{E27096CA-6746-4B0F-89EF-1DB310697F44}.Debug|x86.ActiveCfg = Debug|Win32
		{E27096CA-6746-4B0F-89EF-1DB310697F44}.Debug|x86.Build.0 = Debug|Win32
		{E27096CA-6746-4B0F-89EF-1DB310697F44}.Release|x64.ActiveCfg = Release|x64
		{E27096CA-6746-4B0F-89EF-1DB310697F44}.Release|x64.Build.0 = Release|x64
		{E27096CA-6746-4B0F-89EF-1DB310697F44}.Release|x86.ActiveCfg = Release|Win32
		{E27096CA-6746-4B0F-89EF-1DB310697F44}.Release|x86.Build.0 = Release|Win32
		{0A7DE3F7-3DA5-4E77-B7D8-8FEE8CCD2958}.Debug|x64.ActiveCfg = Debug|x64
		{0A7DE3F7-3DA5-4E77-B7D8-8FEE8CCD2958}.Debug|x64.Build.0 = Debug|x64
		{0A7DE3F7-3DA5-4E77-B7D8-8FEE8CCD2958}.Debug|x86.ActiveCfg = Debug|Win32
		{0A7DE3F7-3DA5-4E77-B7D8-8FEE8CCD2958}.Debug|x86.Build.0 = Debug|Win32
		{0A7DE3F7-3DA5-4E77-B7D8-8FEE8CCD2958}.Release|x64.ActiveCfg = Release|x64
		{0A7DE3F7-3DA5-4E77-B7D8-8FEE8CCD2958}.Release|x64.Build.0 = Release|x64
		{0A7DE3F7-3DA5-4E77-B7D8-8FEE8CCD2958}.Release|x86.ActiveCfg = Release|Win32
		{0A7DE3F7-3DA5-4E77-B7D8-8FEE8CCD2958}.Release|x86.Build.0 = Release|Win32
		{72930092-00D2-4DC7-AFBE-2CC47C1FE5BC}.Debug|x64.ActiveCfg = Debug|x64
		{72930092-00D2-4DC7-AFBE-2CC47C1FE5BC}.Debug|x64.Build.0 = Debug|x64
		{72930092-00D2-4DC7-AFBE-2CC47C1FE5BC}.Debug|x86.ActiveCfg = Debug|Win32
		{72930092-00D2-4DC7-AFBE-2CC47C1FE5BC}.Debug|x86.Build.0 = Debug|Win32
		{72930092-00D2-4DC7-AFBE-2CC47C1FE5BC}.Release|x64.ActiveCfg = Release|x64
		{72930092-00D2-4DC7-AFBE-2CC47C1FE5BC}.Release|x64.Build.0 = Release|x64
		{72930092-00D2-4DC7-AFBE-2CC47C1FE5BC}.Release|x86.ActiveCfg = Release|Win32
		{72930092-00D2-4DC7-AFBE-2CC47C1FE5BC}.Release|x86.Build.0 = Release|Win32
		{17E2A216-8768-417E-AD45-71E57BC84535}.Debug|x64.ActiveCfg = Debug|x64
		{17E2A216-8768-417E-AD45-71E57BC84535}.Debug|x64.Build.0 = Debug|x64
		{17E2A216-8768-417E-AD45-71E57BC84535}.Debug|x86.ActiveCfg = Debug|Win32
		{17E2A216-8768-417E-AD45-71E57BC84535}.Debug|x86.Build.0 = Debug|Win32
		{17E2A216-8768-417E-AD45-71E57BC84535}.Release|x64.ActiveCfg = Release|x64
		{17E2A216-8768-417E-AD45-71E57BC84535}.Release|x64.Build.0 = Release|x64
		{17E2A216-8768-417E-AD45-71E57BC84535}.Release|x86.ActiveCfg = Release|Win32
		{17E2A216-8768-417E-AD45-71E57BC84535}.Release|x86.Build.0 = Release|Win32
		{C37BC3ED-A453-44DA-9008-B9F024531E34}.Debug|x64.ActiveCfg = Debug|x64
		{C37BC3ED-A453-44DA-9008-B9F024531E34}.Debug|x64.Build.0 = Debug|x64
		{C37BC3ED-A453-44DA-9008-B9F024531E34}.Debug|x86.ActiveCfg = Debug|Win32
		{C37BC3ED-A453-44DA-9008-B9F024531E34}.Debug|x86.Build.0 = Debug|Win32
		{C37BC3ED-A453-44DA-9008-B9F024531E34}.Release|x64.ActiveCfg = Release|x64
		{C37BC3ED-A453-44DA-9008-B9F024531E34}.Release|x64.Build.0 = Release|x64
		{C37BC3ED-A453-44DA-9008-B9F024531E34}.Release|x86.ActiveCfg = Release|Win32
		{C37BC3ED-A453-44DA-9008-B9F024531E34}.Release|x86.Build.0 = Release|Win32
		{870C2F3A-0544-4975-A008-409282F6C0BE}.Debug|x64.ActiveCfg = Debug|x64
		{870C2F3A-0544-4975-A008-409282F6C0BE}.Debug|x64.Build.0 = Debug|x64
		{870C2F3A-0544-4975-A008-409282F6C0BE}.Debug|x86.ActiveCfg = Debug|Win32
		{870C2F3A-0544-4975-A008-409282F6C0BE}.Debug|x86.Build.0 = Debug|Win32
		{870C2F3A-0544-4975-A008-409282F6C0BE}.Release|x64.ActiveCfg = Release|x64
		{870C2F3A-0544-4975-A008-409282F6C0BE}.Release|x64.Build.0 = Release|x64
		{870C2F3A-0544-4975-A008-409282F6C0BE}.Release|x86.ActiveCfg = Release|Win32
		{870C2F3A-0544-4975-A008-409282F6C0BE}.Release|x86.Build.0 = Release|Win32
		{ACA2AD79-8161-4B76-A16F-234244A935DA}.Debug|x64.ActiveCfg = Debug|x64
		{ACA2AD79-8161-4B76-A16F-234244A935DA}.Debug|x64.Build.0 = Debug|x64
		{ACA2AD79-8161-4B76-A16F-234244A935DA}.Debug|x86.ActiveCfg = Debug|Win32
		{ACA2AD79-8161-4B76-A16F-234244A935DA}.Debug|x86.Build.0 = Debug|Win32
		{ACA2AD79-8161-4B76-A16F-234244A935DA}.Release|x64.ActiveCfg = Release|x64
		{ACA2AD79-8161-4B76-A16F-234244A935DA}.Release|x64.Build.0 = Release|x64
		{ACA2AD79-8161-4B76-A16F-234244A935DA}.Release|x86.ActiveCfg = Release|Win32
		{ACA2AD79-8161-4B76-A16F-234244A935DA}.Release|x86.Build.0 = Release|Win32
		{86369649-C9AD-49DC-94D3-DDAD1E19A2B0}.Debug|x64.ActiveCfg = Debug|x64
		{86369649-C9AD-49DC-94D3-DDAD1E19A2B0}.Debug|x64.Build.0 = Debug|x64
		{86369649-C9AD-49DC-94D3-DDAD1E19A2B0}.Debug|x86.ActiveCfg = Debug|Win32
		{86369649-C9AD-49DC-94D3-DDAD1E19A2B0}.Debug|x86.Build.0 = Debug|Win32
		{86369649-C9AD-49DC-94D3-DDAD1E19A2B0}.Release|x64.ActiveCfg = Release|x64
		{86369649-C9AD-49DC-94D3-DDAD1E19A2B0}.Release|x64.Build.0 = Release|x64
		{86369649-C9AD-49DC-94D3-DDAD1E19A2B0}.Release|x86.ActiveCfg = Release|Win32
		{86369649-C9AD-49DC-94D3-DDAD1E19A2B0}.Release|x86.Build.0 = Release|Win32
		{1D072C64-4CB3-4813-829E-AB75510B96FF}.Debug|x64.ActiveCfg = Debug|x64
		{1D072C64-4CB3-4813-829E-AB75510B96FF}.Debug|x64.Build.0 = Debug|x64
		{1D072C64-4CB3-4813-829E-AB75510B96FF}.Debug|x86.ActiveCfg = Debug|Win32
		{1D072C64-4CB3-4813-829E-AB75510B96FF}.Debug|x86.Build.0 = Debug|Win32
		{1D072C64-4CB3-4813-829E-AB75510B96FF}.Release|x64.ActiveCfg = Release|x64
		{1D072C64-4CB3-4813-829E-AB75510B96FF}.Release|x64.Build.0 = Release|x64
		{1D072C64-4CB3-4813-829E-AB75510B96FF}.Release|x86.ActiveCfg = Release|Win32
		{1D072C64-4CB3-4813-829E-AB75510B96FF}.Release|x86.Build.0 = Release|Win32
		{CEFDF88F-4CBD-4DC5-80C1-0443C550CDB6}.Debug|x64.ActiveCfg = Debug|x64
		{CEFDF88F-4CBD-4DC5-80C1-0443C550CDB6}.Debug|x64.Build.0 = Debug|x64
		{CEFDF88F-4CBD-4DC5-80C1-0443C550CDB6}.Debug|x86.ActiveCfg = Debug|Win32
		{CEFDF88F-4CBD-4DC5-80C1-0443C550CDB6}.Debug|x86.Build.0 = Debug|Win32
		{CEFDF88F-4CBD-4DC5-80C1-0443C550CDB6}.Release|x64.ActiveCfg = Release|x64
		{CEFDF88F-4CBD-4DC5-80C1-0443C550CDB6}.Release|x64.Build.0 = Release|x64
		{CEFDF88F-4CBD-4DC5-80C1-0443C550CDB6}.Release|x86.ActiveCfg = Release|Win32
		{CEFDF88F-4CBD-4DC5-80C1-0443C550CDB6}.Release|x86.Build.0 = Release|Win32
		{9DDE60F7-0CA6-4563-8E04-A376D75A82D6}.Debug|x64.ActiveCfg = Debug|x64
		{9DDE60F7-0CA6-4563-8E04-A376D75A82D6}.Debug|x64.Build.0 = Debug|x64
		{9DDE60F7-0CA6-4563-8E04-A376D75A82D6}.Debug|x86.ActiveCfg = Debug|Win32
		{9DDE60F7-0CA6-4563-8E04-A376D75A82D6}.Debug|x86.Build.0 = Debug|Win32
		{9DDE60F7-0CA6-4563-8E04-A376D75A82D6}.Release|x64.ActiveCfg = Release|x64
		{9DDE60F7-0CA6-4563-8E04-A376D75A82D6}.Release|x64.Build.0 = Release|x64
		{9DDE60F7-0CA6-4563-8E04-A376D75A82D6}.Release|x86.ActiveCfg = Release|Win32
		{9DDE60F7-0CA6-4563-8E04-A376D75A82D6}.Release|x86.Build.0 = Release|Win32
		{3FFF89ED-6001-475D-8688-71635C64FFB3}.Debug|x64.ActiveCfg = Debug|x64
		{3FFF89ED-6001-475D-8688-71635C64FFB3}.Debug|x64.Build.0 = Debug|x64
		{3FFF89ED-6001-475D-8688-71635C64FFB3}.Debug|x86.ActiveCfg = Debug|Win32
		{3FFF89ED-6001-475D-8688-71635C64FFB3}.Debug|x86.Build.0 = Debug|Win32
		{3FFF89ED-6001-475D-8688-71635C64FFB3}.Release|x64.ActiveCfg = Release|x64
		{3FFF89ED-6001-475D-8688-71635C64FFB3}.Release|x64.Build.0 = Release|x64
		{3FFF89ED-6001-475D-8688-71635C64FFB3}.Release|x86.ActiveCfg = Release|Win32
		{3FFF89ED-6001-475D-8688-71635C64FFB3}.Release|x86.Build.0 = Release|Win32
		{F8D0936D-4E56-44FB-8588-EABC78E7A4EE}.Debug|x64.ActiveCfg = Debug|x64
		{F8D0936D-4E56-44FB-8588-EABC78E7A4EE}.Debug|x64.Build.0 = Debug|x64
		{F8D0936D-4E56-44FB-8588-EABC78E7A4EE}.Debug|x86.ActiveCfg = Debug|Win32
		{F8D0936D-4E56-44FB-8588-EABC78E7A4EE}.Debug|x86.Build.0 = Debug|Win32
		{F8D0936D-4E56-44FB-8588-EABC78E7A4EE}.Release|x64.ActiveCfg = Release|x64
		{F8D0936D-4E56-44FB-8588-EABC78E7A4EE}.Release|x64.Build.0 = Release|x64
		{F8D0936D-4E56-44FB-8588-EABC78E7A4EE}.Release|x86.ActiveCfg = Release|Win32
		{F8D0936D-4E56-44FB-8588-EABC78E7A4EE}.Release|x86.Build.0 = Release|Win32
		{514A5FF9-C19E-476D-8A6F-313F3ADCABE3}.Debug|x64.ActiveCfg = Debug|x64
		{514A5FF9-C19E-476D-8A6F-313F3ADCABE3}.Debug|x64.Build.0 = Debug|x64
		{514A5FF9-C19E-476D-8A6F-313F3ADCABE3}.Debug|x86.ActiveCfg = Debug|Win32
		{514A5FF9-C19E-476D-8A6F-313F3ADCABE3}.Debug|x86.Build.0 = Debug|Win32
		{514A5FF9-C19E-476D-8A6F-313F3ADCABE3}.Release|x64.ActiveCfg = Release|x64
		{514A5FF9-C19E-476D-8A6F-313F3ADCABE3}.Release|x64.Build.0 = Release|x64
		{514A5FF9-C19E-476D-8A6F-313F3ADCABE3}.Release|x86.ActiveCfg = Release|Win32
		{514A5FF9-C19E-476D-8A6F-313F3ADCABE3}.Release|x86.Build.0 = Release|Win32
		{15286E17-A097-4E38-BE0C-65AC841028C4}.Debug|x64.ActiveCfg = Debug|x64
		{15286E17-A097-4E38-BE0C-65AC841028C4}.Debug|x64.Build.0 = Debug|x64
		{15286E17-A097-4E38-BE0C-65AC841028C4}.Debug|x86.ActiveCfg = Debug|Win32
		{15286E17-A097-4E38-BE0C-65AC841028C4}.Debug|x86.Build.0 = Debug|Win32
		{15286E17-A097-4E38-BE0C-65AC841028C4}.Release|x64.ActiveCfg = Release|x64
		{15286E17-A097-4E38-BE0C-65AC841028C4}.Release|x64.Build.0 = Release|x64
		{15286E17-A097-4E38-BE0C-65AC841028C4}.Release|x86.ActiveCfg = Release|Win32
		{15286E17-A097-4E38-BE0C-65AC841028C4}.Release|x86.Build.0 = Release|Win32
		{5CC35477-DC51-4B69-9A63-8FCDB4152C8E}.Debug|x64.ActiveCfg = Debug|x64
		{5CC35477-DC51-4B69-9A63-8FCDB4152C8E}.Debug|x64.Build.0 = Debug|x64
		{5CC35477-DC51-4B69-9A63-8FCDB4152C8E}.Debug|x86.ActiveCfg = Debug|Win32
		{5CC35477-DC51-4B69-9A63-8FCDB4152C8E}.Debug|x86.Build.0 = Debug|Win32
		{5CC35477-DC51-4B69-9A63-8FCDB4152C8E}.Release|x64.ActiveCfg = Release|x64
		{5CC35477-DC51-4B69-9A63-8FCDB4152C8E}.Release|x64.Build.0 = Release|x64
		{5CC35477-DC51-4B69-9A63-8FCDB4152C8E}.Release|x86.ActiveCfg = Release|Win32
		{5CC35477-DC51-4B69-9A63-8FCDB4152C8E}.Release|x86.Build.0 = Release|Win32
		{DD432123-80A3-45DE-BF73-6CC45A1BF7A1}.Debug|x64.ActiveCfg = Debug|x64
		{DD432123-80A3-45DE-BF73-6CC45A1BF7A1}.Debug|x64.Build.0 = Debug|x64
		{DD432123-80A3-45DE-BF73-6CC45A1BF7A1}.Debug|x86.ActiveCfg = Debug|Win32
		{DD432123-80A3-45DE-BF73-6CC45A1BF7A1}.Debug|x86.Build.0 = Debug|Win32
		{DD432123-80A3-45DE-BF73-6CC45A1BF7A1}.Release|x64.ActiveCfg = Release|x64
		{DD432123-80A3-45DE-BF73-6CC45A1BF7A1}.Release|x64.Build.0 = Release|x64
		{DD432123-80A3-45DE-BF73-6CC45A1BF7A1}.Release|x86.ActiveCfg = Release|Win32
		{DD432123-80A3-45DE-BF73-6CC45A1BF7A1}.Release|x86.Build.0 = Release|Win32
	EndGlobalSection
	GlobalSection(SolutionProperties) = preSolution
		HideSolutionNode = FALSE
	EndGlobalSection
	GlobalSection(ExtensibilityGlobals) = postSolution
		SolutionGuid = {C258FA22-C69C-43B5-BD24-BE50B5C9ABB8}
	EndGlobalSection
EndGlobal
