
Microsoft Visual Studio Solution File, Format Version 12.00
# Visual Studio Version 17
VisualStudioVersion = 17.0.32112.339
MinimumVisualStudioVersion = 10.0.40219.1
Project("{8BC9CEB8-8B4A-11D0-8D11-00A0C91BC942}") = "01_simple_texturing", "01_simple_texturing\01_simple_texturing.vcxproj", "{0DC8F02A-12E5-4216-B4E8-680A57261FE3}"
EndProject
Project("{8BC9CEB8-8B4A-11D0-8D11-00A0C91BC942}") = "libgl", "libgl\libgl.vcxproj", "{18D80F7F-FBCA-458C-B3E4-C238221B34A8}"
EndProject
Project("{8BC9CEB8-8B4A-11D0-8D11-00A0C91BC942}") = "02_textured_sphere", "02_textured_sphere\02_textured_sphere.vcxproj", "{DD58A8DA-8F59-4857-AADF-5DF7C28AC5EE}"
EndProject
Global
	GlobalSection(SolutionConfigurationPlatforms) = preSolution
		Debug|x64 = Debug|x64
		Debug|x86 = Debug|x86
		Release|x64 = Release|x64
		Release|x86 = Release|x86
	EndGlobalSection
	GlobalSection(ProjectConfigurationPlatforms) = postSolution
		{0DC8F02A-12E5-4216-B4E8-680A57261FE3}.Debug|x64.ActiveCfg = Debug|x64
		{0DC8F02A-12E5-4216-B4E8-680A57261FE3}.Debug|x64.Build.0 = Debug|x64
		{0DC8F02A-12E5-4216-B4E8-680A57261FE3}.Debug|x86.ActiveCfg = Debug|Win32
		{0DC8F02A-12E5-4216-B4E8-680A57261FE3}.Debug|x86.Build.0 = Debug|Win32
		{0DC8F02A-12E5-4216-B4E8-680A57261FE3}.Release|x64.ActiveCfg = Release|x64
		{0DC8F02A-12E5-4216-B4E8-680A57261FE3}.Release|x64.Build.0 = Release|x64
		{0DC8F02A-12E5-4216-B4E8-680A57261FE3}.Release|x86.ActiveCfg = Release|Win32
		{0DC8F02A-12E5-4216-B4E8-680A57261FE3}.Release|x86.Build.0 = Release|Win32
		{18D80F7F-FBCA-458C-B3E4-C238221B34A8}.Debug|x64.ActiveCfg = Debug|x64
		{18D80F7F-FBCA-458C-B3E4-C238221B34A8}.Debug|x64.Build.0 = Debug|x64
		{18D80F7F-FBCA-458C-B3E4-C238221B34A8}.Debug|x86.ActiveCfg = Debug|Win32
		{18D80F7F-FBCA-458C-B3E4-C238221B34A8}.Debug|x86.Build.0 = Debug|Win32
		{18D80F7F-FBCA-458C-B3E4-C238221B34A8}.Release|x64.ActiveCfg = Release|x64
		{18D80F7F-FBCA-458C-B3E4-C238221B34A8}.Release|x64.Build.0 = Release|x64
		{18D80F7F-FBCA-458C-B3E4-C238221B34A8}.Release|x86.ActiveCfg = Release|Win32
		{18D80F7F-FBCA-458C-B3E4-C238221B34A8}.Release|x86.Build.0 = Release|Win32
		{DD58A8DA-8F59-4857-AADF-5DF7C28AC5EE}.Debug|x64.ActiveCfg = Debug|x64
		{DD58A8DA-8F59-4857-AADF-5DF7C28AC5EE}.Debug|x64.Build.0 = Debug|x64
		{DD58A8DA-8F59-4857-AADF-5DF7C28AC5EE}.Debug|x86.ActiveCfg = Debug|Win32
		{DD58A8DA-8F59-4857-AADF-5DF7C28AC5EE}.Debug|x86.Build.0 = Debug|Win32
		{DD58A8DA-8F59-4857-AADF-5DF7C28AC5EE}.Release|x64.ActiveCfg = Release|x64
		{DD58A8DA-8F59-4857-AADF-5DF7C28AC5EE}.Release|x64.Build.0 = Release|x64
		{DD58A8DA-8F59-4857-AADF-5DF7C28AC5EE}.Release|x86.ActiveCfg = Release|Win32
		{DD58A8DA-8F59-4857-AADF-5DF7C28AC5EE}.Release|x86.Build.0 = Release|Win32
	EndGlobalSection
	GlobalSection(SolutionProperties) = preSolution
		HideSolutionNode = FALSE
	EndGlobalSection
	GlobalSection(ExtensibilityGlobals) = postSolution
		SolutionGuid = {C258FA22-C69C-43B5-BD24-BE50B5C9ABB8}
	EndGlobalSection
EndGlobal
