
Microsoft Visual Studio Solution File, Format Version 12.00
# Visual Studio Version 17
VisualStudioVersion = 17.5.33530.505
MinimumVisualStudioVersion = 10.0.40219.1
Project("{8BC9CEB8-8B4A-11D0-8D11-00A0C91BC942}") = "libgl", "libgl\libgl.vcxproj", "{B93AEA7B-A9EA-4287-960F-6B96B468A419}"
EndProject
Project("{8BC9CEB8-8B4A-11D0-8D11-00A0C91BC942}") = "01_orbit_calculation", "01_orbit_calculation\01_orbit_calculation.vcxproj", "{29EB33B1-CB8C-4DF7-AC52-5807F1E0E10A}"
EndProject
Global
	GlobalSection(SolutionConfigurationPlatforms) = preSolution
		Debug|x64 = Debug|x64
		Debug|x86 = Debug|x86
		Release|x64 = Release|x64
		Release|x86 = Release|x86
	EndGlobalSection
	GlobalSection(ProjectConfigurationPlatforms) = postSolution
		{B93AEA7B-A9EA-4287-960F-6B96B468A419}.Debug|x64.ActiveCfg = Debug|x64
		{B93AEA7B-A9EA-4287-960F-6B96B468A419}.Debug|x64.Build.0 = Debug|x64
		{B93AEA7B-A9EA-4287-960F-6B96B468A419}.Debug|x86.ActiveCfg = Debug|Win32
		{B93AEA7B-A9EA-4287-960F-6B96B468A419}.Debug|x86.Build.0 = Debug|Win32
		{B93AEA7B-A9EA-4287-960F-6B96B468A419}.Release|x64.ActiveCfg = Release|x64
		{B93AEA7B-A9EA-4287-960F-6B96B468A419}.Release|x64.Build.0 = Release|x64
		{B93AEA7B-A9EA-4287-960F-6B96B468A419}.Release|x86.ActiveCfg = Release|Win32
		{B93AEA7B-A9EA-4287-960F-6B96B468A419}.Release|x86.Build.0 = Release|Win32
		{29EB33B1-CB8C-4DF7-AC52-5807F1E0E10A}.Debug|x64.ActiveCfg = Debug|x64
		{29EB33B1-CB8C-4DF7-AC52-5807F1E0E10A}.Debug|x64.Build.0 = Debug|x64
		{29EB33B1-CB8C-4DF7-AC52-5807F1E0E10A}.Debug|x86.ActiveCfg = Debug|Win32
		{29EB33B1-CB8C-4DF7-AC52-5807F1E0E10A}.Debug|x86.Build.0 = Debug|Win32
		{29EB33B1-CB8C-4DF7-AC52-5807F1E0E10A}.Release|x64.ActiveCfg = Release|x64
		{29EB33B1-CB8C-4DF7-AC52-5807F1E0E10A}.Release|x64.Build.0 = Release|x64
		{29EB33B1-CB8C-4DF7-AC52-5807F1E0E10A}.Release|x86.ActiveCfg = Release|Win32
		{29EB33B1-CB8C-4DF7-AC52-5807F1E0E10A}.Release|x86.Build.0 = Release|Win32
	EndGlobalSection
	GlobalSection(SolutionProperties) = preSolution
		HideSolutionNode = FALSE
	EndGlobalSection
	GlobalSection(ExtensibilityGlobals) = postSolution
		SolutionGuid = {C732FC5C-FD34-4AB7-AFC9-CB77A1E5705C}
	EndGlobalSection
EndGlobal
